{
  "name": "yamltojsonparser",
  "version": "1.0.0",
  "lockfileVersion": 1,
  "requires": true,
  "dependencies": {
    "accepts": {
      "version": "1.3.4",
      "resolved": "http://egov-micro-dev.egovernments.org/verdaccio/accepts/-/accepts-1.3.4.tgz",
      "integrity": "sha1-hiRnWMfdbSGmR0/whKR0DsBesh8=",
      "requires": {
        "mime-types": "2.1.17",
        "negotiator": "0.6.1"
      }
    },
    "argparse": {
      "version": "1.0.9",
      "resolved": "http://egov-micro-dev.egovernments.org/verdaccio/argparse/-/argparse-1.0.9.tgz",
      "integrity": "sha1-c9g7wmP4bpf4zE9rrhsOkKfSLIY=",
      "requires": {
        "sprintf-js": "1.0.3"
      }
    },
    "array-flatten": {
      "version": "1.1.1",
      "resolved": "http://egov-micro-dev.egovernments.org/verdaccio/array-flatten/-/array-flatten-1.1.1.tgz",
      "integrity": "sha1-ml9pkFGx5wczKPKgCJaLZOopVdI="
    },
    "async": {
      "version": "0.9.0",
      "resolved": "http://egov-micro-dev.egovernments.org/verdaccio/async/-/async-0.9.0.tgz",
      "integrity": "sha1-rDYTsdqb7RtHUQu0ZRuJMeRxRsc="
    },
    "body-parser": {
      "version": "1.18.2",
      "resolved": "http://egov-micro-dev.egovernments.org/verdaccio/body-parser/-/body-parser-1.18.2.tgz",
      "integrity": "sha1-h2eKGdhLR9hZuDGZvVm84iKxBFQ=",
      "requires": {
        "bytes": "3.0.0",
        "content-type": "1.0.4",
        "debug": "2.6.9",
        "depd": "1.1.1",
        "http-errors": "1.6.2",
        "iconv-lite": "0.4.19",
        "on-finished": "2.3.0",
        "qs": "6.5.1",
        "raw-body": "2.3.2",
        "type-is": "1.6.15"
      },
      "dependencies": {
        "debug": {
          "version": "2.6.9",
          "resolved": "http://egov-micro-dev.egovernments.org/verdaccio/debug/-/debug-2.6.9.tgz",
          "integrity": "sha512-bC7ElrdJaJnPbAP+1EotYvqZsb3ecl5wi6Bfi6BJTUcNowp6cvspg0jXznRTKDjm/E7AdgFBVeAPVMNcKGsHMA==",
          "requires": {
            "ms": "2.0.0"
          }
        }
      }
    },
    "buffer-crc32": {
      "version": "0.2.13",
      "resolved": "http://egov-micro-dev.egovernments.org/verdaccio/buffer-crc32/-/buffer-crc32-0.2.13.tgz",
      "integrity": "sha1-DTM+PwDqxQqhRUq9MO+MKl2ackI="
    },
    "bytes": {
      "version": "3.0.0",
      "resolved": "http://egov-micro-dev.egovernments.org/verdaccio/bytes/-/bytes-3.0.0.tgz",
      "integrity": "sha1-0ygVQE1olpn4Wk6k+odV3ROpYEg="
    },
    "call-me-maybe": {
      "version": "1.0.1",
      "resolved": "http://egov-micro-dev.egovernments.org/verdaccio/call-me-maybe/-/call-me-maybe-1.0.1.tgz",
      "integrity": "sha1-JtII6onje1y95gJQoV8DHBak1ms="
    },
    "commander": {
      "version": "2.11.0",
      "resolved": "http://egov-micro-dev.egovernments.org/verdaccio/commander/-/commander-2.11.0.tgz",
      "integrity": "sha512-b0553uYA5YAEGgyYIGYROzKQ7X5RAqedkfjiZxwi0kL1g3bOaBNNZfYkzt/CL0umgD5wc9Jec2FbB98CjkMRvQ==",
      "optional": true
    },
    "compress-commons": {
      "version": "0.2.9",
      "resolved": "http://egov-micro-dev.egovernments.org/verdaccio/compress-commons/-/compress-commons-0.2.9.tgz",
      "integrity": "sha1-Qi2SdDDAGr0GzUVbbfwEy0z4ADw=",
      "requires": {
        "buffer-crc32": "0.2.13",
        "crc32-stream": "0.3.4",
        "node-int64": "0.3.3",
        "readable-stream": "1.0.34"
      }
    },
    "content-disposition": {
      "version": "0.5.2",
      "resolved": "http://egov-micro-dev.egovernments.org/verdaccio/content-disposition/-/content-disposition-0.5.2.tgz",
      "integrity": "sha1-DPaLud318r55YcOoUXjLhdunjLQ="
    },
    "content-type": {
      "version": "1.0.4",
      "resolved": "http://egov-micro-dev.egovernments.org/verdaccio/content-type/-/content-type-1.0.4.tgz",
      "integrity": "sha512-hIP3EEPs8tB9AT1L+NUqtwOAps4mk2Zob89MWXMHjHWg9milF/j4osnnQLXBCBFBk/tvIG/tUc9mOUJiPBhPXA=="
    },
    "cookie": {
      "version": "0.3.1",
      "resolved": "http://egov-micro-dev.egovernments.org/verdaccio/cookie/-/cookie-0.3.1.tgz",
      "integrity": "sha1-5+Ch+e9DtMi6klxcWpboBtFoc7s="
    },
    "cookie-signature": {
      "version": "1.0.6",
      "resolved": "http://egov-micro-dev.egovernments.org/verdaccio/cookie-signature/-/cookie-signature-1.0.6.tgz",
      "integrity": "sha1-4wOogrNCzD7oylE6eZmXNNqzriw="
    },
    "core-util-is": {
      "version": "1.0.2",
      "resolved": "http://egov-micro-dev.egovernments.org/verdaccio/core-util-is/-/core-util-is-1.0.2.tgz",
      "integrity": "sha1-tf1UIgqivFq1eqtxQMlAdUUDwac="
    },
    "crc32-stream": {
      "version": "0.3.4",
      "resolved": "http://egov-micro-dev.egovernments.org/verdaccio/crc32-stream/-/crc32-stream-0.3.4.tgz",
      "integrity": "sha1-c7wltF+sHbZjIjGnv86JJ+nwZVI=",
      "requires": {
        "buffer-crc32": "0.2.13",
        "readable-stream": "1.0.34"
      }
    },
    "debug": {
      "version": "3.1.0",
      "resolved": "http://egov-micro-dev.egovernments.org/verdaccio/debug/-/debug-3.1.0.tgz",
      "integrity": "sha512-OX8XqP7/1a9cqkxYw2yXss15f26NKWBpDXQd0/uK/KPqdQhxbPa994hnzjcE2VqQpDslf55723cKPUOGSmMY3g==",
      "requires": {
        "ms": "2.0.0"
      }
    },
    "depd": {
      "version": "1.1.1",
      "resolved": "http://egov-micro-dev.egovernments.org/verdaccio/depd/-/depd-1.1.1.tgz",
      "integrity": "sha1-V4O04cRZ8G+lyif5kfPQbnoxA1k="
    },
    "destroy": {
      "version": "1.0.4",
      "resolved": "http://egov-micro-dev.egovernments.org/verdaccio/destroy/-/destroy-1.0.4.tgz",
      "integrity": "sha1-l4hXRCxEdJ5CBmE+N5RiBYJqvYA="
    },
    "ee-first": {
      "version": "1.1.1",
      "resolved": "http://egov-micro-dev.egovernments.org/verdaccio/ee-first/-/ee-first-1.1.1.tgz",
      "integrity": "sha1-WQxhFWsK4vTwJVcyoViyZrxWsh0="
    },
    "encodeurl": {
      "version": "1.0.1",
      "resolved": "http://egov-micro-dev.egovernments.org/verdaccio/encodeurl/-/encodeurl-1.0.1.tgz",
      "integrity": "sha1-eePVhlU0aQn+bw9Fpd5oEDspTSA="
    },
    "es6-promise": {
      "version": "4.1.1",
      "resolved": "http://egov-micro-dev.egovernments.org/verdaccio/es6-promise/-/es6-promise-4.1.1.tgz",
      "integrity": "sha512-OaU1hHjgJf+b0NzsxCg7NdIYERD6Hy/PEmFLTjw+b65scuisG3Kt4QoTvJ66BBkPZ581gr0kpoVzKnxniM8nng=="
    },
    "escape-html": {
      "version": "1.0.3",
      "resolved": "http://egov-micro-dev.egovernments.org/verdaccio/escape-html/-/escape-html-1.0.3.tgz",
      "integrity": "sha1-Aljq5NPQwJdN4cFpGI7wBR0dGYg="
    },
    "esprima": {
      "version": "4.0.0",
      "resolved": "http://egov-micro-dev.egovernments.org/verdaccio/esprima/-/esprima-4.0.0.tgz",
      "integrity": "sha512-oftTcaMu/EGrEIu904mWteKIv8vMuOgGYo7EhVJJN00R/EED9DCua/xxHRdYnKtcECzVg7xOWhflvJMnqcFZjw=="
    },
    "etag": {
      "version": "1.8.1",
      "resolved": "http://egov-micro-dev.egovernments.org/verdaccio/etag/-/etag-1.8.1.tgz",
      "integrity": "sha1-Qa4u62XvpiJorr/qg6x9eSmbCIc="
    },
    "express": {
      "version": "4.16.2",
      "resolved": "http://egov-micro-dev.egovernments.org/verdaccio/express/-/express-4.16.2.tgz",
      "integrity": "sha1-41xt/i1kt9ygpc1PIXgb4ymeB2w=",
      "requires": {
        "accepts": "1.3.4",
        "array-flatten": "1.1.1",
        "body-parser": "1.18.2",
        "content-disposition": "0.5.2",
        "content-type": "1.0.4",
        "cookie": "0.3.1",
        "cookie-signature": "1.0.6",
        "debug": "2.6.9",
        "depd": "1.1.1",
        "encodeurl": "1.0.1",
        "escape-html": "1.0.3",
        "etag": "1.8.1",
        "finalhandler": "1.1.0",
        "fresh": "0.5.2",
        "merge-descriptors": "1.0.1",
        "methods": "1.1.2",
        "on-finished": "2.3.0",
        "parseurl": "1.3.2",
        "path-to-regexp": "0.1.7",
        "proxy-addr": "2.0.2",
        "qs": "6.5.1",
        "range-parser": "1.2.0",
        "safe-buffer": "5.1.1",
        "send": "0.16.1",
        "serve-static": "1.13.1",
        "setprototypeof": "1.1.0",
        "statuses": "1.3.1",
        "type-is": "1.6.15",
        "utils-merge": "1.0.1",
        "vary": "1.1.2"
      },
      "dependencies": {
        "debug": {
          "version": "2.6.9",
          "resolved": "http://egov-micro-dev.egovernments.org/verdaccio/debug/-/debug-2.6.9.tgz",
          "integrity": "sha512-bC7ElrdJaJnPbAP+1EotYvqZsb3ecl5wi6Bfi6BJTUcNowp6cvspg0jXznRTKDjm/E7AdgFBVeAPVMNcKGsHMA==",
          "requires": {
            "ms": "2.0.0"
          }
        }
      }
    },
    "express-zip": {
      "version": "2.0.1",
      "resolved": "http://egov-micro-dev.egovernments.org/verdaccio/express-zip/-/express-zip-2.0.1.tgz",
      "integrity": "sha1-z6aKfnQdGePLuMk0b7UhL9MHwVo=",
      "requires": {
        "async": "0.9.0",
        "zip-stream": "0.5.0"
      }
    },
    "finalhandler": {
      "version": "1.1.0",
      "resolved": "http://egov-micro-dev.egovernments.org/verdaccio/finalhandler/-/finalhandler-1.1.0.tgz",
      "integrity": "sha1-zgtoVbRYU+eRsvzGgARtiCU91/U=",
      "requires": {
        "debug": "2.6.9",
        "encodeurl": "1.0.1",
        "escape-html": "1.0.3",
        "on-finished": "2.3.0",
        "parseurl": "1.3.2",
        "statuses": "1.3.1",
        "unpipe": "1.0.0"
      },
      "dependencies": {
        "debug": {
          "version": "2.6.9",
          "resolved": "http://egov-micro-dev.egovernments.org/verdaccio/debug/-/debug-2.6.9.tgz",
          "integrity": "sha512-bC7ElrdJaJnPbAP+1EotYvqZsb3ecl5wi6Bfi6BJTUcNowp6cvspg0jXznRTKDjm/E7AdgFBVeAPVMNcKGsHMA==",
          "requires": {
            "ms": "2.0.0"
          }
        }
      }
    },
    "format-util": {
      "version": "1.0.3",
      "resolved": "http://egov-micro-dev.egovernments.org/verdaccio/format-util/-/format-util-1.0.3.tgz",
      "integrity": "sha1-Ay3KShFiYqEsQ/TD7IVmQWxbLZU="
    },
    "forwarded": {
      "version": "0.1.2",
      "resolved": "http://egov-micro-dev.egovernments.org/verdaccio/forwarded/-/forwarded-0.1.2.tgz",
      "integrity": "sha1-mMI9qxF1ZXuMBXPozszZGw/xjIQ="
    },
    "fresh": {
      "version": "0.5.2",
      "resolved": "http://egov-micro-dev.egovernments.org/verdaccio/fresh/-/fresh-0.5.2.tgz",
      "integrity": "sha1-PYyt2Q2XZWn6g1qx+OSyOhBWBac="
    },
    "http-errors": {
      "version": "1.6.2",
      "resolved": "http://egov-micro-dev.egovernments.org/verdaccio/http-errors/-/http-errors-1.6.2.tgz",
      "integrity": "sha1-CgAsyFcHGSp+eUbO7cERVfYOxzY=",
      "requires": {
        "depd": "1.1.1",
        "inherits": "2.0.3",
        "setprototypeof": "1.0.3",
        "statuses": "1.3.1"
      },
      "dependencies": {
        "setprototypeof": {
          "version": "1.0.3",
          "resolved": "http://egov-micro-dev.egovernments.org/verdaccio/setprototypeof/-/setprototypeof-1.0.3.tgz",
          "integrity": "sha1-ZlZ+NwQ+608E2RvWWMDL77VbjgQ="
        }
      }
    },
    "iconv-lite": {
      "version": "0.4.19",
      "resolved": "http://egov-micro-dev.egovernments.org/verdaccio/iconv-lite/-/iconv-lite-0.4.19.tgz",
      "integrity": "sha512-oTZqweIP51xaGPI4uPa56/Pri/480R+mo7SeU+YETByQNhDG55ycFyNLIgta9vXhILrxXDmF7ZGhqZIcuN0gJQ=="
    },
    "inherits": {
      "version": "2.0.3",
      "resolved": "http://egov-micro-dev.egovernments.org/verdaccio/inherits/-/inherits-2.0.3.tgz",
      "integrity": "sha1-Yzwsg+PaQqUC9SRmAiSA9CCCYd4="
    },
    "ipaddr.js": {
      "version": "1.5.2",
      "resolved": "http://egov-micro-dev.egovernments.org/verdaccio/ipaddr.js/-/ipaddr.js-1.5.2.tgz",
      "integrity": "sha1-1LUFvemUaYfM8PxY2QEP+WB+P6A="
    },
    "isarray": {
      "version": "0.0.1",
      "resolved": "http://egov-micro-dev.egovernments.org/verdaccio/isarray/-/isarray-0.0.1.tgz",
      "integrity": "sha1-ihis/Kmo9Bd+Cav8YDiTmwXR7t8="
    },
    "js-yaml": {
      "version": "3.10.0",
      "resolved": "http://egov-micro-dev.egovernments.org/verdaccio/js-yaml/-/js-yaml-3.10.0.tgz",
      "integrity": "sha512-O2v52ffjLa9VeM43J4XocZE//WT9N0IiwDa3KSHH7Tu8CtH+1qM8SIZvnsTh6v+4yFy5KUY3BHUVwjpfAWsjIA==",
      "requires": {
        "argparse": "1.0.9",
        "esprima": "4.0.0"
      }
    },
    "json-schema-ref-parser": {
      "version": "1.4.1",
      "resolved": "http://egov-micro-dev.egovernments.org/verdaccio/json-schema-ref-parser/-/json-schema-ref-parser-1.4.1.tgz",
      "integrity": "sha1-wMLkOL8HlnI7AkUbrovH3Qs3/tA=",
      "requires": {
        "call-me-maybe": "1.0.1",
        "debug": "2.6.9",
        "es6-promise": "3.3.1",
        "js-yaml": "3.10.0",
        "ono": "2.2.5"
      },
      "dependencies": {
        "debug": {
          "version": "2.6.9",
          "resolved": "http://egov-micro-dev.egovernments.org/verdaccio/debug/-/debug-2.6.9.tgz",
          "integrity": "sha512-bC7ElrdJaJnPbAP+1EotYvqZsb3ecl5wi6Bfi6BJTUcNowp6cvspg0jXznRTKDjm/E7AdgFBVeAPVMNcKGsHMA==",
          "requires": {
            "ms": "2.0.0"
          }
        },
        "es6-promise": {
          "version": "3.3.1",
          "resolved": "http://egov-micro-dev.egovernments.org/verdaccio/es6-promise/-/es6-promise-3.3.1.tgz",
          "integrity": "sha1-oIzd6EzNvzTQJ6FFG8kdS80ophM="
        },
        "ono": {
          "version": "2.2.5",
          "resolved": "http://egov-micro-dev.egovernments.org/verdaccio/ono/-/ono-2.2.5.tgz",
          "integrity": "sha1-2vCUiLURdNp6fkJ136sxtDj/oOM="
        }
      }
    },
    "lodash": {
      "version": "2.4.2",
      "resolved": "http://egov-micro-dev.egovernments.org/verdaccio/lodash/-/lodash-2.4.2.tgz",
      "integrity": "sha1-+t2DS5aDBz2hebPq5tnA0VBT9z4="
    },
    "lodash.get": {
      "version": "4.4.2",
      "resolved": "http://egov-micro-dev.egovernments.org/verdaccio/lodash.get/-/lodash.get-4.4.2.tgz",
      "integrity": "sha1-LRd/ZS+jHpObRDjVNBSZ36OCXpk="
    },
    "lodash.isequal": {
      "version": "4.5.0",
      "resolved": "http://egov-micro-dev.egovernments.org/verdaccio/lodash.isequal/-/lodash.isequal-4.5.0.tgz",
      "integrity": "sha1-QVxEePK8wwEgwizhDtMib30+GOA="
    },
    "media-typer": {
      "version": "0.3.0",
      "resolved": "http://egov-micro-dev.egovernments.org/verdaccio/media-typer/-/media-typer-0.3.0.tgz",
      "integrity": "sha1-hxDXrwqmJvj/+hzgAWhUUmMlV0g="
    },
    "merge-descriptors": {
      "version": "1.0.1",
      "resolved": "http://egov-micro-dev.egovernments.org/verdaccio/merge-descriptors/-/merge-descriptors-1.0.1.tgz",
      "integrity": "sha1-sAqqVW3YtEVoFQ7J0blT8/kMu2E="
    },
    "methods": {
      "version": "1.1.2",
      "resolved": "http://egov-micro-dev.egovernments.org/verdaccio/methods/-/methods-1.1.2.tgz",
      "integrity": "sha1-VSmk1nZUE07cxSZmVoNbD4Ua/O4="
    },
    "mime": {
      "version": "1.4.1",
      "resolved": "http://egov-micro-dev.egovernments.org/verdaccio/mime/-/mime-1.4.1.tgz",
      "integrity": "sha512-KI1+qOZu5DcW6wayYHSzR/tXKCDC5Om4s1z2QJjDULzLcmf3DvzS7oluY4HCTrc+9FiKmWUgeNLg7W3uIQvxtQ=="
    },
    "mime-db": {
      "version": "1.30.0",
      "resolved": "http://egov-micro-dev.egovernments.org/verdaccio/mime-db/-/mime-db-1.30.0.tgz",
      "integrity": "sha1-dMZD2i3Z1qRTmZY0ZbJtXKfXHwE="
    },
    "mime-types": {
      "version": "2.1.17",
      "resolved": "http://egov-micro-dev.egovernments.org/verdaccio/mime-types/-/mime-types-2.1.17.tgz",
      "integrity": "sha1-Cdejk/A+mVp5+K+Fe3Cp4KsWVXo=",
      "requires": {
        "mime-db": "1.30.0"
      }
    },
    "minimist": {
      "version": "0.0.8",
      "resolved": "http://egov-micro-dev.egovernments.org/verdaccio/minimist/-/minimist-0.0.8.tgz",
      "integrity": "sha1-hX/Kv8M5fSYluCKCYuhqp6ARsF0="
    },
    "mkdirp": {
      "version": "0.5.1",
      "resolved": "http://egov-micro-dev.egovernments.org/verdaccio/mkdirp/-/mkdirp-0.5.1.tgz",
      "integrity": "sha1-MAV0OOrGz3+MR2fzhkjWaX11yQM=",
      "requires": {
        "minimist": "0.0.8"
      }
    },
    "ms": {
      "version": "2.0.0",
      "resolved": "http://egov-micro-dev.egovernments.org/verdaccio/ms/-/ms-2.0.0.tgz",
      "integrity": "sha1-VgiurfwAvmwpAd9fmGF4jeDVl8g="
    },
    "negotiator": {
      "version": "0.6.1",
      "resolved": "http://egov-micro-dev.egovernments.org/verdaccio/negotiator/-/negotiator-0.6.1.tgz",
      "integrity": "sha1-KzJxhOiZIQEXeyhWP7XnECrNDKk="
    },
    "node-int64": {
      "version": "0.3.3",
      "resolved": "http://egov-micro-dev.egovernments.org/verdaccio/node-int64/-/node-int64-0.3.3.tgz",
      "integrity": "sha1-LW5rLs5d6FiLQ9iNG8QbJs0fqE0="
    },
    "on-finished": {
      "version": "2.3.0",
      "resolved": "http://egov-micro-dev.egovernments.org/verdaccio/on-finished/-/on-finished-2.3.0.tgz",
      "integrity": "sha1-IPEzZIGwg811M3mSoWlxqi2QaUc=",
      "requires": {
        "ee-first": "1.1.1"
      }
    },
    "ono": {
      "version": "4.0.2",
      "resolved": "http://egov-micro-dev.egovernments.org/verdaccio/ono/-/ono-4.0.2.tgz",
      "integrity": "sha512-EFXJFoeF+KkZW4lwmcPMKHp2ZU7o6CM+ccX2nPbEJKiJIdyqbIcS1v6pmNgeNJ6x4/vEYn0/8oz66qXSPnnmSQ==",
      "requires": {
        "format-util": "1.0.3"
      }
    },
    "parseurl": {
      "version": "1.3.2",
      "resolved": "http://egov-micro-dev.egovernments.org/verdaccio/parseurl/-/parseurl-1.3.2.tgz",
      "integrity": "sha1-/CidTtiZMRlGDBViUyYs3I3mW/M="
    },
    "path-to-regexp": {
      "version": "0.1.7",
      "resolved": "http://egov-micro-dev.egovernments.org/verdaccio/path-to-regexp/-/path-to-regexp-0.1.7.tgz",
      "integrity": "sha1-32BBeABfUi8V60SQ5yR6G/qmf4w="
    },
    "proxy-addr": {
      "version": "2.0.2",
      "resolved": "http://egov-micro-dev.egovernments.org/verdaccio/proxy-addr/-/proxy-addr-2.0.2.tgz",
      "integrity": "sha1-ZXFQT0e7mI7IGAJT+F3X4UlSvew=",
      "requires": {
        "forwarded": "0.1.2",
        "ipaddr.js": "1.5.2"
      }
    },
    "qs": {
      "version": "6.5.1",
      "resolved": "http://egov-micro-dev.egovernments.org/verdaccio/qs/-/qs-6.5.1.tgz",
      "integrity": "sha512-eRzhrN1WSINYCDCbrz796z37LOe3m5tmW7RQf6oBntukAG1nmovJvhnwHHRMAfeoItc1m2Hk02WER2aQ/iqs+A=="
    },
    "range-parser": {
      "version": "1.2.0",
      "resolved": "http://egov-micro-dev.egovernments.org/verdaccio/range-parser/-/range-parser-1.2.0.tgz",
      "integrity": "sha1-9JvmtIeJTdxA3MlKMi9hEJLgDV4="
    },
    "raw-body": {
      "version": "2.3.2",
      "resolved": "http://egov-micro-dev.egovernments.org/verdaccio/raw-body/-/raw-body-2.3.2.tgz",
      "integrity": "sha1-vNYMd9Prk83gBQKVw/N5OJvIj4k=",
      "requires": {
        "bytes": "3.0.0",
        "http-errors": "1.6.2",
        "iconv-lite": "0.4.19",
        "unpipe": "1.0.0"
      }
    },
    "readable-stream": {
      "version": "1.0.34",
      "resolved": "http://egov-micro-dev.egovernments.org/verdaccio/readable-stream/-/readable-stream-1.0.34.tgz",
      "integrity": "sha1-Elgg40vIQtLyqq+v5MKRbuMsFXw=",
      "requires": {
        "core-util-is": "1.0.2",
        "inherits": "2.0.3",
        "isarray": "0.0.1",
        "string_decoder": "0.10.31"
      }
    },
    "safe-buffer": {
      "version": "5.1.1",
      "resolved": "http://egov-micro-dev.egovernments.org/verdaccio/safe-buffer/-/safe-buffer-5.1.1.tgz",
      "integrity": "sha512-kKvNJn6Mm93gAczWVJg7wH+wGYWNrDHdWvpUmHyEsgCtIwwo3bqPtV4tR5tuPaUhTOo/kvhVwd8XwwOllGYkbg=="
    },
    "send": {
      "version": "0.16.1",
      "resolved": "http://egov-micro-dev.egovernments.org/verdaccio/send/-/send-0.16.1.tgz",
      "integrity": "sha512-ElCLJdJIKPk6ux/Hocwhk7NFHpI3pVm/IZOYWqUmoxcgeyM+MpxHHKhb8QmlJDX1pU6WrgaHBkVNm73Sv7uc2A==",
      "requires": {
        "debug": "2.6.9",
        "depd": "1.1.1",
        "destroy": "1.0.4",
        "encodeurl": "1.0.1",
        "escape-html": "1.0.3",
        "etag": "1.8.1",
        "fresh": "0.5.2",
        "http-errors": "1.6.2",
        "mime": "1.4.1",
        "ms": "2.0.0",
        "on-finished": "2.3.0",
        "range-parser": "1.2.0",
        "statuses": "1.3.1"
      },
      "dependencies": {
        "debug": {
          "version": "2.6.9",
          "resolved": "http://egov-micro-dev.egovernments.org/verdaccio/debug/-/debug-2.6.9.tgz",
          "integrity": "sha512-bC7ElrdJaJnPbAP+1EotYvqZsb3ecl5wi6Bfi6BJTUcNowp6cvspg0jXznRTKDjm/E7AdgFBVeAPVMNcKGsHMA==",
          "requires": {
            "ms": "2.0.0"
          }
        }
      }
    },
    "serve-static": {
      "version": "1.13.1",
      "resolved": "http://egov-micro-dev.egovernments.org/verdaccio/serve-static/-/serve-static-1.13.1.tgz",
      "integrity": "sha512-hSMUZrsPa/I09VYFJwa627JJkNs0NrfL1Uzuup+GqHfToR2KcsXFymXSV90hoyw3M+msjFuQly+YzIH/q0MGlQ==",
      "requires": {
        "encodeurl": "1.0.1",
        "escape-html": "1.0.3",
        "parseurl": "1.3.2",
        "send": "0.16.1"
      }
    },
    "setprototypeof": {
      "version": "1.1.0",
      "resolved": "http://egov-micro-dev.egovernments.org/verdaccio/setprototypeof/-/setprototypeof-1.1.0.tgz",
      "integrity": "sha512-BvE/TwpZX4FXExxOxZyRGQQv651MSwmWKZGqvmPcRIjDqWub67kTKuIMx43cZZrS/cBBzwBcNDWoFxt2XEFIpQ=="
    },
    "sprintf-js": {
      "version": "1.0.3",
      "resolved": "http://egov-micro-dev.egovernments.org/verdaccio/sprintf-js/-/sprintf-js-1.0.3.tgz",
      "integrity": "sha1-BOaSb2YolTVPPdAVIDYzuFcpfiw="
    },
    "statuses": {
      "version": "1.3.1",
      "resolved": "http://egov-micro-dev.egovernments.org/verdaccio/statuses/-/statuses-1.3.1.tgz",
      "integrity": "sha1-+vUbnrdKrvOzrPStX2Gr8ky3uT4="
    },
    "string_decoder": {
      "version": "0.10.31",
      "resolved": "http://egov-micro-dev.egovernments.org/verdaccio/string_decoder/-/string_decoder-0.10.31.tgz",
      "integrity": "sha1-YuIDvEF2bGwoyfyEMB2rHFMQ+pQ="
    },
    "swagger-methods": {
      "version": "1.0.0",
      "resolved": "http://egov-micro-dev.egovernments.org/verdaccio/swagger-methods/-/swagger-methods-1.0.0.tgz",
      "integrity": "sha1-s5x3lX0wWmU1wKHgFQgRhbmdYfw="
    },
    "swagger-parser": {
      "version": "3.4.2",
      "resolved": "http://egov-micro-dev.egovernments.org/verdaccio/swagger-parser/-/swagger-parser-3.4.2.tgz",
      "integrity": "sha512-himpIkA50AjTvrgtz0PPbzwWoTjj3F3ye/y1PcW/514YEp1A3IhAcJFkkEu7b1zHnSIthnzxC8aTy+XZG0D+iA==",
      "requires": {
        "call-me-maybe": "1.0.1",
        "debug": "3.1.0",
        "es6-promise": "4.1.1",
        "json-schema-ref-parser": "1.4.1",
        "ono": "4.0.2",
        "swagger-methods": "1.0.0",
        "swagger-schema-official": "2.0.0-bab6bed",
        "z-schema": "3.18.4"
      }
    },
    "swagger-schema-official": {
      "version": "2.0.0-bab6bed",
      "resolved": "http://egov-micro-dev.egovernments.org/verdaccio/swagger-schema-official/-/swagger-schema-official-2.0.0-bab6bed.tgz",
      "integrity": "sha1-cAcEaNbSl3ylI3suUZyn0Gouo/0="
    },
    "type-is": {
      "version": "1.6.15",
      "resolved": "http://egov-micro-dev.egovernments.org/verdaccio/type-is/-/type-is-1.6.15.tgz",
      "integrity": "sha1-yrEPtJCeRByChC6v4a1kbIGARBA=",
      "requires": {
        "media-typer": "0.3.0",
        "mime-types": "2.1.17"
      }
    },
    "unpipe": {
      "version": "1.0.0",
      "resolved": "http://egov-micro-dev.egovernments.org/verdaccio/unpipe/-/unpipe-1.0.0.tgz",
      "integrity": "sha1-sr9O6FFKrmFltIF4KdIbLvSZBOw="
    },
    "utils-merge": {
      "version": "1.0.1",
      "resolved": "http://egov-micro-dev.egovernments.org/verdaccio/utils-merge/-/utils-merge-1.0.1.tgz",
      "integrity": "sha1-n5VxD1CiZ5R7LMwSR0HBAoQn5xM="
    },
    "validator": {
      "version": "8.2.0",
      "resolved": "http://egov-micro-dev.egovernments.org/verdaccio/validator/-/validator-8.2.0.tgz",
      "integrity": "sha512-Yw5wW34fSv5spzTXNkokD6S6/Oq92d8q/t14TqsS3fAiA1RYnxSFSIZ+CY3n6PGGRCq5HhJTSepQvFUS2QUDxA=="
    },
    "vary": {
      "version": "1.1.2",
      "resolved": "http://egov-micro-dev.egovernments.org/verdaccio/vary/-/vary-1.1.2.tgz",
      "integrity": "sha1-IpnwLG3tMNSllhsLn3RSShj2NPw="
    },
    "z-schema": {
      "version": "3.18.4",
      "resolved": "http://egov-micro-dev.egovernments.org/verdaccio/z-schema/-/z-schema-3.18.4.tgz",
      "integrity": "sha512-DUOKC/IhbkdLKKiV89gw9DUauTV8U/8yJl1sjf6MtDmzevLKOF2duNJ495S3MFVjqZarr+qNGCPbkg4mu4PpLw==",
      "requires": {
        "commander": "2.11.0",
        "lodash.get": "4.4.2",
        "lodash.isequal": "4.5.0",
        "validator": "8.2.0"
      }
    },
    "zip-stream": {
      "version": "0.5.0",
      "resolved": "http://egov-micro-dev.egovernments.org/verdaccio/zip-stream/-/zip-stream-0.5.0.tgz",
      "integrity": "sha1-Sf3/mq8nzwk4971X4nX0TmS3TCg=",
      "requires": {
        "compress-commons": "0.2.9",
        "lodash": "2.4.2",
        "readable-stream": "1.0.34"
      }
    }
  }
}
